<Solution>
  <Project Path="src/ServiceOrder.Application/ServiceOrder.Application.csproj" />
  <Project Path="src/ServiceOrder.Api/ServiceOrder.Api.csproj" />
  <Project Path="src/ServiceOrder.Domain/ServiceOrder.Domain.csproj" />
  <Project Path="src/ServiceOrder.Infrastructure/ServiceOrder.Infrastructure.csproj" />
  <Project Path="src/ServiceOrder.Notifications/Notifications.csproj" Id="e6207da3-dcf3-4f05-9027-0db98f6d29fe" />
</Solution>
